{
  "version": 4,
  "terraform_version": "1.15.6",
  "serial": 112,
  "lineage": "294a7b48-c50c-22c4-2c31-5e47a0179a45",
  "outputs": {
    "aks_cluster_name": {
      "value": "aks-insurance-backend",
      "type": "string"
    },
    "aks_kube_config_command": {
      "value": "az aks get-credentials --resource-group rg-insurance-management --name aks-insurance-backend",
      "type": "string"
    },
    "api_management_gateway_url": {
      "value": "https://apim-insurance-management.azure-api.net",
      "type": "string"
    },
    "backend_gateway_url": {
      "value": "https://apim-insurance-management.azure-api.net/api",
      "type": "string"
    },
    "frontend_gateway_url": {
      "value": "https://apim-insurance-management.azure-api.net/frontend",
      "type": "string"
    },
    "frontend_url": {
      "value": "http://57.156.58.165:3000",
      "type": "string"
    },
    "frontend_vm_public_ip": {
      "value": "57.156.58.165",
      "type": "string"
    },
    "frontend_vm_ssh_command": {
      "value": "ssh azureuser@57.156.58.165",
      "type": "string"
    },
    "resource_group_name": {
      "value": "rg-insurance-management",
      "type": "string"
    }
  },
  "resources": [
    {
      "mode": "managed",
      "type": "azurerm_resource_group",
      "name": "main",
      "provider": "provider[\"registry.terraform.io/hashicorp/azurerm\"]",
      "instances": [
        {
          "schema_version": 0,
          "attributes": {
            "id": "/subscriptions/cd4a6e36-3f35-44b9-880f-07572ad1b539/resourceGroups/rg-insurance-management",
            "location": "eastus",
            "managed_by": "",
            "name": "rg-insurance-management",
            "tags": {},
            "timeouts": null
          },
          "sensitive_attributes": [],
          "identity_schema_version": 0,
          "identity": {
            "name": "rg-insurance-management",
            "subscription_id": "cd4a6e36-3f35-44b9-880f-07572ad1b539"
          },
          "private": "eyJlMmJmYjczMC1lY2FhLTExZTYtOGY4OC0zNDM2M2JjN2M0YzAiOnsiY3JlYXRlIjo1NDAwMDAwMDAwMDAwLCJkZWxldGUiOjU0MDAwMDAwMDAwMDAsInJlYWQiOjMwMDAwMDAwMDAwMCwidXBkYXRlIjo1NDAwMDAwMDAwMDAwfX0="
        }
      ]
    },
    {
      "module": "module.compute",
      "mode": "managed",
      "type": "azurerm_linux_virtual_machine",
      "name": "frontend",
      "provider": "provider[\"registry.terraform.io/hashicorp/azurerm\"]",
      "instances": [
        {
          "schema_version": 0,
          "attributes": {
            "additional_capabilities": [],
            "admin_password": null,
            "admin_ssh_key": [
              {
                "public_key": "ssh-rsa AAAAB3NzaC1yc2EAAAADAQABAAACAQDmQMY/jFHoafFftEe/2zYVziKq6cWDoo8+SYh9FyY3KaX867PLAi5yw+ZhykohmIKlnQuZIA3So04UhtGvkdp1RQxsD/sCLyxSqThXiIMHA4M3XDL3HqJrPz53J09DXgtTa4k8/P7JPQMFdHO48X1mMNyfaRD0cChcyWw9w9TDWnl86gzy2RJpeCHIAuf+/cZlE6e87IpE4lzvjvrI8mijuzJ+r1WYSSI3CngGFHvDfPN0/5uZj+tylqSz/DpazKtTUXyngr1o1uNAChWH6LVcSu+JLdM3/cpPBr8GMooceF1AiWtRjqwxuOcGBKYheZjz94xvozsvKhZohoFC2PU7RXfEJwllzBzp5JhmO5Dx/dQmfC0w8MDQbapy+PKx31zmdDB7wBuA/EmBPucP9hyXTmpzP9DQekCqvzcnypWuUZZkHB8+i4b9kH38LrYLHKObbt2TDhDbQlFc3p5Jcn4H9BDVSjOOi4DTveDvWzp1p1hTUnj8MmIuUpV0tV7ITD1/RRlq7SD+lZSvtLes7uKpEnzuJ813sizCSucqb/Ma70DSiLjdzp5PPkpxM23FfPsd18S+ki0O8n7dkBiRerCjfC/3ukfYf9p7axb0c1DG7sSZudnt/eZUVL8HYj0voxlakEpCb6JXnYpl1NTBGOXgteAeTqkG5XE8qTIGkjbbRw== lucas.castelano@radixeng.com",
                "username": "azureuser"
              }
            ],
            "admin_username": "azureuser",
            "allow_extension_operations": true,
            "availability_set_id": "",
            "boot_diagnostics": [],
            "bypass_platform_safety_checks_on_user_schedule_enabled": false,
            "capacity_reservation_group_id": "",
            "computer_name": "vm-insurance-frontend",
            "custom_data": null,
            "dedicated_host_group_id": "",
            "dedicated_host_id": "",
            "disable_password_authentication": true,
            "disk_controller_type": "",
            "edge_zone": "",
            "encryption_at_host_enabled": false,
            "eviction_policy": "",
            "extensions_time_budget": "PT1H30M",
            "gallery_application": [],
            "id": "/subscriptions/cd4a6e36-3f35-44b9-880f-07572ad1b539/resourceGroups/rg-insurance-management/providers/Microsoft.Compute/virtualMachines/vm-insurance-frontend",
            "identity": [],
            "license_type": "",
            "location": "chilecentral",
            "max_bid_price": -1,
            "name": "vm-insurance-frontend",
            "network_interface_ids": [
              "/subscriptions/cd4a6e36-3f35-44b9-880f-07572ad1b539/resourceGroups/rg-insurance-management/providers/Microsoft.Network/networkInterfaces/nic-insurance-frontend"
            ],
            "os_disk": [
              {
                "caching": "ReadWrite",
                "diff_disk_settings": [],
                "disk_encryption_set_id": "",
                "disk_size_gb": 30,
                "id": "/subscriptions/cd4a6e36-3f35-44b9-880f-07572ad1b539/resourceGroups/rg-insurance-management/providers/Microsoft.Compute/disks/vm-insurance-frontend_OsDisk_1_131d175f98224b259387a463089d086b",
                "name": "vm-insurance-frontend_OsDisk_1_131d175f98224b259387a463089d086b",
                "secure_vm_disk_encryption_set_id": "",
                "security_encryption_type": "",
                "storage_account_type": "Standard_LRS",
                "write_accelerator_enabled": false
              }
            ],
            "os_image_notification": [],
            "os_managed_disk_id": "/subscriptions/cd4a6e36-3f35-44b9-880f-07572ad1b539/resourceGroups/rg-insurance-management/providers/Microsoft.Compute/disks/vm-insurance-frontend_OsDisk_1_131d175f98224b259387a463089d086b",
            "patch_assessment_mode": "ImageDefault",
            "patch_mode": "ImageDefault",
            "plan": [],
            "platform_fault_domain": -1,
            "priority": "Regular",
            "private_ip_address": "10.10.1.4",
            "private_ip_addresses": [
              "10.10.1.4"
            ],
            "provision_vm_agent": true,
            "proximity_placement_group_id": "",
            "public_ip_address": "57.156.58.165",
            "public_ip_addresses": [
              "57.156.58.165"
            ],
            "reboot_setting": "",
            "resource_group_name": "rg-insurance-management",
            "secret": [],
            "secure_boot_enabled": false,
            "size": "Standard_D2s_v3",
            "source_image_id": "",
            "source_image_reference": [
              {
                "offer": "0001-com-ubuntu-server-jammy",
                "publisher": "Canonical",
                "sku": "22_04-lts",
                "version": "latest"
              }
            ],
            "tags": {},
            "termination_notification": [],
            "timeouts": null,
            "user_data": "",
            "virtual_machine_id": "1cead314-679e-495a-a83e-64ff94cfa5b1",
            "virtual_machine_scale_set_id": "",
            "vm_agent_platform_updates_enabled": false,
            "vtpm_enabled": false,
            "zone": ""
          },
          "sensitive_attributes": [
            [
              {
                "type": "get_attr",
                "value": "admin_password"
              }
            ],
            [
              {
                "type": "get_attr",
                "value": "custom_data"
              }
            ]
          ],
          "identity_schema_version": 0,
          "private": "eyJlMmJmYjczMC1lY2FhLTExZTYtOGY4OC0zNDM2M2JjN2M0YzAiOnsiY3JlYXRlIjoyNzAwMDAwMDAwMDAwLCJkZWxldGUiOjI3MDAwMDAwMDAwMDAsInJlYWQiOjMwMDAwMDAwMDAwMCwidXBkYXRlIjoyNzAwMDAwMDAwMDAwfX0=",
          "dependencies": [
            "azurerm_resource_group.main",
            "module.compute.azurerm_network_interface.frontend",
            "module.compute.azurerm_public_ip.frontend",
            "module.compute.azurerm_subnet.frontend",
            "module.compute.azurerm_virtual_network.main"
          ]
        }
      ]
    },
    {
      "module": "module.compute",
      "mode": "managed",
      "type": "azurerm_network_interface",
      "name": "frontend",
      "provider": "provider[\"registry.terraform.io/hashicorp/azurerm\"]",
      "instances": [
        {
          "schema_version": 0,
          "attributes": {
            "accelerated_networking_enabled": false,
            "applied_dns_servers": [],
            "auxiliary_mode": "",
            "auxiliary_sku": "",
            "dns_servers": [],
            "edge_zone": "",
            "id": "/subscriptions/cd4a6e36-3f35-44b9-880f-07572ad1b539/resourceGroups/rg-insurance-management/providers/Microsoft.Network/networkInterfaces/nic-insurance-frontend",
            "internal_dns_name_label": "",
            "internal_domain_name_suffix": "kxrudrj0m1uu3eazlrmqillvpg.sclx.internal.cloudapp.net",
            "ip_configuration": [
              {
                "gateway_load_balancer_frontend_ip_configuration_id": "",
                "name": "internal",
                "primary": true,
                "private_ip_address": "10.10.1.4",
                "private_ip_address_allocation": "Dynamic",
                "private_ip_address_version": "IPv4",
                "public_ip_address_id": "/subscriptions/cd4a6e36-3f35-44b9-880f-07572ad1b539/resourceGroups/rg-insurance-management/providers/Microsoft.Network/publicIPAddresses/pip-insurance-frontend",
                "subnet_id": "/subscriptions/cd4a6e36-3f35-44b9-880f-07572ad1b539/resourceGroups/rg-insurance-management/providers/Microsoft.Network/virtualNetworks/vnet-insurance-frontend/subnets/snet-frontend"
              }
            ],
            "ip_forwarding_enabled": false,
            "location": "chilecentral",
            "mac_address": "E4-FA-DE-11-20-82",
            "name": "nic-insurance-frontend",
            "private_ip_address": "10.10.1.4",
            "private_ip_addresses": [
              "10.10.1.4"
            ],
            "resource_group_name": "rg-insurance-management",
            "tags": {},
            "timeouts": null,
            "virtual_machine_id": "/subscriptions/cd4a6e36-3f35-44b9-880f-07572ad1b539/resourceGroups/rg-insurance-management/providers/Microsoft.Compute/virtualMachines/vm-insurance-frontend"
          },
          "sensitive_attributes": [],
          "identity_schema_version": 0,
          "identity": {
            "name": "nic-insurance-frontend",
            "resource_group_name": "rg-insurance-management",
            "subscription_id": "cd4a6e36-3f35-44b9-880f-07572ad1b539"
          },
          "private": "eyJlMmJmYjczMC1lY2FhLTExZTYtOGY4OC0zNDM2M2JjN2M0YzAiOnsiY3JlYXRlIjoxODAwMDAwMDAwMDAwLCJkZWxldGUiOjE4MDAwMDAwMDAwMDAsInJlYWQiOjMwMDAwMDAwMDAwMCwidXBkYXRlIjoxODAwMDAwMDAwMDAwfX0=",
          "dependencies": [
            "azurerm_resource_group.main",
            "module.compute.azurerm_public_ip.frontend",
            "module.compute.azurerm_subnet.frontend",
            "module.compute.azurerm_virtual_network.main"
          ]
        }
      ]
    },
    {
      "module": "module.compute",
      "mode": "managed",
      "type": "azurerm_network_interface_security_group_association",
      "name": "frontend",
      "provider": "provider[\"registry.terraform.io/hashicorp/azurerm\"]",
      "instances": [
        {
          "schema_version": 0,
          "attributes": {
            "id": "/subscriptions/cd4a6e36-3f35-44b9-880f-07572ad1b539/resourceGroups/rg-insurance-management/providers/Microsoft.Network/networkInterfaces/nic-insurance-frontend|/subscriptions/cd4a6e36-3f35-44b9-880f-07572ad1b539/resourceGroups/rg-insurance-management/providers/Microsoft.Network/networkSecurityGroups/nsg-insurance-frontend",
            "network_interface_id": "/subscriptions/cd4a6e36-3f35-44b9-880f-07572ad1b539/resourceGroups/rg-insurance-management/providers/Microsoft.Network/networkInterfaces/nic-insurance-frontend",
            "network_security_group_id": "/subscriptions/cd4a6e36-3f35-44b9-880f-07572ad1b539/resourceGroups/rg-insurance-management/providers/Microsoft.Network/networkSecurityGroups/nsg-insurance-frontend",
            "timeouts": null
          },
          "sensitive_attributes": [],
          "identity_schema_version": 0,
          "private": "eyJlMmJmYjczMC1lY2FhLTExZTYtOGY4OC0zNDM2M2JjN2M0YzAiOnsiY3JlYXRlIjoxODAwMDAwMDAwMDAwLCJkZWxldGUiOjE4MDAwMDAwMDAwMDAsInJlYWQiOjMwMDAwMDAwMDAwMH19",
          "dependencies": [
            "azurerm_resource_group.main",
            "module.compute.azurerm_network_interface.frontend",
            "module.compute.azurerm_network_security_group.frontend",
            "module.compute.azurerm_public_ip.frontend",
            "module.compute.azurerm_subnet.frontend",
            "module.compute.azurerm_virtual_network.main"
          ]
        }
      ]
    },
    {
      "module": "module.compute",
      "mode": "managed",
      "type": "azurerm_network_security_group",
      "name": "frontend",
      "provider": "provider[\"registry.terraform.io/hashicorp/azurerm\"]",
      "instances": [
        {
          "schema_version": 0,
          "attributes": {
            "id": "/subscriptions/cd4a6e36-3f35-44b9-880f-07572ad1b539/resourceGroups/rg-insurance-management/providers/Microsoft.Network/networkSecurityGroups/nsg-insurance-frontend",
            "location": "chilecentral",
            "name": "nsg-insurance-frontend",
            "resource_group_name": "rg-insurance-management",
            "security_rule": [
              {
                "access": "Allow",
                "description": "",
                "destination_address_prefix": "*",
                "destination_address_prefixes": [],
                "destination_application_security_group_ids": [],
                "destination_port_range": "22",
                "destination_port_ranges": [],
                "direction": "Inbound",
                "name": "AllowSSH",
                "priority": 100,
                "protocol": "Tcp",
                "source_address_prefix": "*",
                "source_address_prefixes": [],
                "source_application_security_group_ids": [],
                "source_port_range": "*",
                "source_port_ranges": []
              },
              {
                "access": "Allow",
                "description": "",
                "destination_address_prefix": "*",
                "destination_address_prefixes": [],
                "destination_application_security_group_ids": [],
                "destination_port_range": "3000",
                "destination_port_ranges": [],
                "direction": "Inbound",
                "name": "AllowFrontend",
                "priority": 120,
                "protocol": "Tcp",
                "source_address_prefix": "*",
                "source_address_prefixes": [],
                "source_application_security_group_ids": [],
                "source_port_range": "*",
                "source_port_ranges": []
              },
              {
                "access": "Allow",
                "description": "",
                "destination_address_prefix": "*",
                "destination_address_prefixes": [],
                "destination_application_security_group_ids": [],
                "destination_port_range": "80",
                "destination_port_ranges": [],
                "direction": "Inbound",
                "name": "AllowHTTP",
                "priority": 110,
                "protocol": "Tcp",
                "source_address_prefix": "*",
                "source_address_prefixes": [],
                "source_application_security_group_ids": [],
                "source_port_range": "*",
                "source_port_ranges": []
              }
            ],
            "tags": {},
            "timeouts": null
          },
          "sensitive_attributes": [],
          "identity_schema_version": 0,
          "identity": {
            "name": "nsg-insurance-frontend",
            "resource_group_name": "rg-insurance-management",
            "subscription_id": "cd4a6e36-3f35-44b9-880f-07572ad1b539"
          },
          "private": "eyJlMmJmYjczMC1lY2FhLTExZTYtOGY4OC0zNDM2M2JjN2M0YzAiOnsiY3JlYXRlIjoxODAwMDAwMDAwMDAwLCJkZWxldGUiOjE4MDAwMDAwMDAwMDAsInJlYWQiOjMwMDAwMDAwMDAwMCwidXBkYXRlIjoxODAwMDAwMDAwMDAwfX0=",
          "dependencies": [
            "azurerm_resource_group.main"
          ]
        }
      ]
    },
    {
      "module": "module.compute",
      "mode": "managed",
      "type": "azurerm_public_ip",
      "name": "frontend",
      "provider": "provider[\"registry.terraform.io/hashicorp/azurerm\"]",
      "instances": [
        {
          "schema_version": 0,
          "attributes": {
            "allocation_method": "Static",
            "ddos_protection_mode": "VirtualNetworkInherited",
            "ddos_protection_plan_id": null,
            "domain_name_label": "",
            "domain_name_label_scope": "",
            "edge_zone": "",
            "fqdn": "",
            "id": "/subscriptions/cd4a6e36-3f35-44b9-880f-07572ad1b539/resourceGroups/rg-insurance-management/providers/Microsoft.Network/publicIPAddresses/pip-insurance-frontend",
            "idle_timeout_in_minutes": 4,
            "ip_address": "57.156.58.165",
            "ip_tags": {},
            "ip_version": "IPv4",
            "location": "chilecentral",
            "name": "pip-insurance-frontend",
            "public_ip_prefix_id": null,
            "resource_group_name": "rg-insurance-management",
            "reverse_fqdn": "",
            "sku": "Standard",
            "sku_tier": "Regional",
            "tags": {},
            "timeouts": null,
            "zones": []
          },
          "sensitive_attributes": [],
          "identity_schema_version": 0,
          "identity": {
            "name": "pip-insurance-frontend",
            "resource_group_name": "rg-insurance-management",
            "subscription_id": "cd4a6e36-3f35-44b9-880f-07572ad1b539"
          },
          "private": "eyJlMmJmYjczMC1lY2FhLTExZTYtOGY4OC0zNDM2M2JjN2M0YzAiOnsiY3JlYXRlIjoxODAwMDAwMDAwMDAwLCJkZWxldGUiOjE4MDAwMDAwMDAwMDAsInJlYWQiOjMwMDAwMDAwMDAwMCwidXBkYXRlIjoxODAwMDAwMDAwMDAwfX0=",
          "dependencies": [
            "azurerm_resource_group.main"
          ]
        }
      ]
    },
    {
      "module": "module.compute",
      "mode": "managed",
      "type": "azurerm_subnet",
      "name": "frontend",
      "provider": "provider[\"registry.terraform.io/hashicorp/azurerm\"]",
      "instances": [
        {
          "schema_version": 0,
          "attributes": {
            "address_prefixes": [
              "10.10.1.0/24"
            ],
            "default_outbound_access_enabled": true,
            "delegation": [],
            "id": "/subscriptions/cd4a6e36-3f35-44b9-880f-07572ad1b539/resourceGroups/rg-insurance-management/providers/Microsoft.Network/virtualNetworks/vnet-insurance-frontend/subnets/snet-frontend",
            "ip_address_pool": [],
            "name": "snet-frontend",
            "private_endpoint_network_policies": "Disabled",
            "private_link_service_network_policies_enabled": true,
            "resource_group_name": "rg-insurance-management",
            "service_endpoint_policy_ids": [],
            "service_endpoints": [],
            "sharing_scope": "",
            "timeouts": null,
            "virtual_network_name": "vnet-insurance-frontend"
          },
          "sensitive_attributes": [],
          "identity_schema_version": 0,
          "identity": {
            "name": "snet-frontend",
            "resource_group_name": "rg-insurance-management",
            "subscription_id": "cd4a6e36-3f35-44b9-880f-07572ad1b539",
            "virtual_network_name": "vnet-insurance-frontend"
          },
          "private": "eyJlMmJmYjczMC1lY2FhLTExZTYtOGY4OC0zNDM2M2JjN2M0YzAiOnsiY3JlYXRlIjoxODAwMDAwMDAwMDAwLCJkZWxldGUiOjE4MDAwMDAwMDAwMDAsInJlYWQiOjMwMDAwMDAwMDAwMCwidXBkYXRlIjoxODAwMDAwMDAwMDAwfX0=",
          "dependencies": [
            "azurerm_resource_group.main",
            "module.compute.azurerm_virtual_network.main"
          ]
        }
      ]
    },
    {
      "module": "module.compute",
      "mode": "managed",
      "type": "azurerm_virtual_network",
      "name": "main",
      "provider": "provider[\"registry.terraform.io/hashicorp/azurerm\"]",
      "instances": [
        {
          "schema_version": 0,
          "attributes": {
            "address_space": [
              "10.10.0.0/16"
            ],
            "bgp_community": "",
            "ddos_protection_plan": [],
            "dns_servers": [],
            "edge_zone": "",
            "encryption": [],
            "flow_timeout_in_minutes": 0,
            "guid": "c541e355-663a-4ee9-9019-5c59042d757e",
            "id": "/subscriptions/cd4a6e36-3f35-44b9-880f-07572ad1b539/resourceGroups/rg-insurance-management/providers/Microsoft.Network/virtualNetworks/vnet-insurance-frontend",
            "ip_address_pool": [],
            "location": "chilecentral",
            "name": "vnet-insurance-frontend",
            "private_endpoint_vnet_policies": "Disabled",
            "resource_group_name": "rg-insurance-management",
            "subnet": [
              {
                "address_prefixes": [
                  "10.10.1.0/24"
                ],
                "default_outbound_access_enabled": true,
                "delegation": [],
                "id": "/subscriptions/cd4a6e36-3f35-44b9-880f-07572ad1b539/resourceGroups/rg-insurance-management/providers/Microsoft.Network/virtualNetworks/vnet-insurance-frontend/subnets/snet-frontend",
                "name": "snet-frontend",
                "private_endpoint_network_policies": "Disabled",
                "private_link_service_network_policies_enabled": true,
                "route_table_id": "",
                "security_group": "",
                "service_endpoint_policy_ids": [],
                "service_endpoints": []
              }
            ],
            "tags": {},
            "timeouts": null
          },
          "sensitive_attributes": [],
          "identity_schema_version": 0,
          "identity": {
            "name": "vnet-insurance-frontend",
            "resource_group_name": "rg-insurance-management",
            "subscription_id": "cd4a6e36-3f35-44b9-880f-07572ad1b539"
          },
          "private": "eyJlMmJmYjczMC1lY2FhLTExZTYtOGY4OC0zNDM2M2JjN2M0YzAiOnsiY3JlYXRlIjoxODAwMDAwMDAwMDAwLCJkZWxldGUiOjE4MDAwMDAwMDAwMDAsInJlYWQiOjMwMDAwMDAwMDAwMCwidXBkYXRlIjoxODAwMDAwMDAwMDAwfX0=",
          "dependencies": [
            "azurerm_resource_group.main"
          ]
        }
      ]
    },
    {
      "module": "module.gateway",
      "mode": "managed",
      "type": "azurerm_api_management",
      "name": "gateway",
      "provider": "provider[\"registry.terraform.io/hashicorp/azurerm\"]",
      "instances": [
        {
          "schema_version": 0,
          "attributes": {
            "additional_location": [],
            "certificate": [],
            "client_certificate_enabled": false,
            "delegation": [
              {
                "subscriptions_enabled": false,
                "url": "",
                "user_registration_enabled": false,
                "validation_key": ""
              }
            ],
            "developer_portal_url": "https://apim-insurance-management.developer.azure-api.net",
            "gateway_disabled": false,
            "gateway_regional_url": "https://apim-insurance-management-eastus-01.regional.azure-api.net",
            "gateway_url": "https://apim-insurance-management.azure-api.net",
            "hostname_configuration": [
              {
                "developer_portal": [],
                "management": [],
                "portal": [],
                "proxy": [
                  {
                    "certificate": "",
                    "certificate_password": "",
                    "certificate_source": "BuiltIn",
                    "certificate_status": "",
                    "default_ssl_binding": true,
                    "expiry": "",
                    "host_name": "apim-insurance-management.azure-api.net",
                    "key_vault_certificate_id": "",
                    "key_vault_id": "",
                    "negotiate_client_certificate": false,
                    "ssl_keyvault_identity_client_id": "",
                    "subject": "",
                    "thumbprint": ""
                  }
                ],
                "scm": []
              }
            ],
            "id": "/subscriptions/cd4a6e36-3f35-44b9-880f-07572ad1b539/resourceGroups/rg-insurance-management/providers/Microsoft.ApiManagement/service/apim-insurance-management",
            "identity": [],
            "location": "eastus",
            "management_api_url": "https://apim-insurance-management.management.azure-api.net",
            "min_api_version": "",
            "name": "apim-insurance-management",
            "notification_sender_email": "apimgmt-noreply@mail.windowsazure.com",
            "portal_url": "",
            "private_ip_addresses": [],
            "protocols": [
              {
                "enable_http2": false,
                "http2_enabled": false
              }
            ],
            "public_ip_address_id": "",
            "public_ip_addresses": [
              "4.156.138.181"
            ],
            "public_network_access_enabled": true,
            "publisher_email": "l2727544@gmail.com",
            "publisher_name": "Lucas",
            "resource_group_name": "rg-insurance-management",
            "scm_url": "https://apim-insurance-management.scm.azure-api.net",
            "security": [
              {
                "backend_ssl30_enabled": false,
                "backend_tls10_enabled": false,
                "backend_tls11_enabled": false,
                "enable_backend_ssl30": false,
                "enable_backend_tls10": false,
                "enable_backend_tls11": false,
                "enable_frontend_ssl30": false,
                "enable_frontend_tls10": false,
                "enable_frontend_tls11": false,
                "frontend_ssl30_enabled": false,
                "frontend_tls10_enabled": false,
                "frontend_tls11_enabled": false,
                "tls_ecdhe_ecdsa_with_aes128_cbc_sha_ciphers_enabled": false,
                "tls_ecdhe_ecdsa_with_aes256_cbc_sha_ciphers_enabled": false,
                "tls_ecdhe_rsa_with_aes128_cbc_sha_ciphers_enabled": false,
                "tls_ecdhe_rsa_with_aes256_cbc_sha_ciphers_enabled": false,
                "tls_rsa_with_aes128_cbc_sha256_ciphers_enabled": false,
                "tls_rsa_with_aes128_cbc_sha_ciphers_enabled": false,
                "tls_rsa_with_aes128_gcm_sha256_ciphers_enabled": false,
                "tls_rsa_with_aes256_cbc_sha256_ciphers_enabled": false,
                "tls_rsa_with_aes256_cbc_sha_ciphers_enabled": false,
                "tls_rsa_with_aes256_gcm_sha384_ciphers_enabled": false,
                "triple_des_ciphers_enabled": false
              }
            ],
            "sign_in": [
              {
                "enabled": false
              }
            ],
            "sign_up": [
              {
                "enabled": false,
                "terms_of_service": [
                  {
                    "consent_required": false,
                    "enabled": false,
                    "text": ""
                  }
                ]
              }
            ],
            "sku_name": "Developer_1",
            "tags": {},
            "tenant_access": [
              {
                "enabled": false,
                "primary_key": "PZgDZXmliIuc9swEW0pM9ZXIF07oujqFKsWoukOtQfJeIfeuQfi9HMHWTATnzaWccHhybiU3wH/99Mit+m1fFA==",
                "secondary_key": "RjwsF9mOPP87q0sjkxA9ZR8QmvNK7SSpphyS5KTcFenHvbOm6hi9O4eMi1hvlrhf22SZsqTsOvVR56eMAVcmoQ==",
                "tenant_id": "/tenant/access"
              }
            ],
            "timeouts": null,
            "virtual_network_configuration": [],
            "virtual_network_type": "None",
            "zones": []
          },
          "sensitive_attributes": [
            [
              {
                "type": "get_attr",
                "value": "delegation"
              },
              {
                "type": "index",
                "value": {
                  "value": 0,
                  "type": "number"
                }
              },
              {
                "type": "get_attr",
                "value": "validation_key"
              }
            ],
            [
              {
                "type": "get_attr",
                "value": "hostname_configuration"
              },
              {
                "type": "index",
                "value": {
                  "value": 0,
                  "type": "number"
                }
              },
              {
                "type": "get_attr",
                "value": "proxy"
              },
              {
                "type": "index",
                "value": {
                  "value": 0,
                  "type": "number"
                }
              },
              {
                "type": "get_attr",
                "value": "certificate"
              }
            ],
            [
              {
                "type": "get_attr",
                "value": "hostname_configuration"
              },
              {
                "type": "index",
                "value": {
                  "value": 0,
                  "type": "number"
                }
              },
              {
                "type": "get_attr",
                "value": "proxy"
              },
              {
                "type": "index",
                "value": {
                  "value": 0,
                  "type": "number"
                }
              },
              {
                "type": "get_attr",
                "value": "certificate_password"
              }
            ],
            [
              {
                "type": "get_attr",
                "value": "tenant_access"
              },
              {
                "type": "index",
                "value": {
                  "value": 0,
                  "type": "number"
                }
              },
              {
                "type": "get_attr",
                "value": "primary_key"
              }
            ],
            [
              {
                "type": "get_attr",
                "value": "tenant_access"
              },
              {
                "type": "index",
                "value": {
                  "value": 0,
                  "type": "number"
                }
              },
              {
                "type": "get_attr",
                "value": "secondary_key"
              }
            ]
          ],
          "identity_schema_version": 0,
          "private": "eyJlMmJmYjczMC1lY2FhLTExZTYtOGY4OC0zNDM2M2JjN2M0YzAiOnsiY3JlYXRlIjoxMDgwMDAwMDAwMDAwMCwiZGVsZXRlIjoxMDgwMDAwMDAwMDAwMCwicmVhZCI6MzAwMDAwMDAwMDAwLCJ1cGRhdGUiOjEwODAwMDAwMDAwMDAwfX0=",
          "dependencies": [
            "azurerm_resource_group.main"
          ]
        }
      ]
    },
    {
      "module": "module.gateway",
      "mode": "managed",
      "type": "azurerm_api_management_api",
      "name": "backend",
      "provider": "provider[\"registry.terraform.io/hashicorp/azurerm\"]",
      "instances": [
        {
          "schema_version": 1,
          "attributes": {
            "api_management_name": "apim-insurance-management",
            "api_type": "http",
            "contact": [],
            "description": "",
            "display_name": "Backend",
            "id": "/subscriptions/cd4a6e36-3f35-44b9-880f-07572ad1b539/resourceGroups/rg-insurance-management/providers/Microsoft.ApiManagement/service/apim-insurance-management/apis/backend;rev=1",
            "import": [],
            "is_current": true,
            "is_online": false,
            "license": [],
            "name": "backend",
            "oauth2_authorization": [],
            "openid_authentication": [],
            "path": "api",
            "protocols": [
              "http",
              "https"
            ],
            "resource_group_name": "rg-insurance-management",
            "revision": "1",
            "revision_description": "",
            "service_url": "http://172.168.58.147/api",
            "source_api_id": null,
            "subscription_key_parameter_names": [
              {
                "header": "Ocp-Apim-Subscription-Key",
                "query": "subscription-key"
              }
            ],
            "subscription_required": false,
            "terms_of_service_url": "",
            "timeouts": null,
            "version": "",
            "version_description": "",
            "version_set_id": ""
          },
          "sensitive_attributes": [],
          "identity_schema_version": 0,
          "private": "eyJlMmJmYjczMC1lY2FhLTExZTYtOGY4OC0zNDM2M2JjN2M0YzAiOnsiY3JlYXRlIjoxODAwMDAwMDAwMDAwLCJkZWxldGUiOjE4MDAwMDAwMDAwMDAsInJlYWQiOjMwMDAwMDAwMDAwMCwidXBkYXRlIjoxODAwMDAwMDAwMDAwfSwic2NoZW1hX3ZlcnNpb24iOiIxIn0=",
          "dependencies": [
            "azurerm_resource_group.main",
            "module.gateway.azurerm_api_management.gateway"
          ]
        }
      ]
    },
    {
      "module": "module.gateway",
      "mode": "managed",
      "type": "azurerm_api_management_api",
      "name": "frontend",
      "provider": "provider[\"registry.terraform.io/hashicorp/azurerm\"]",
      "instances": [
        {
          "schema_version": 1,
          "attributes": {
            "api_management_name": "apim-insurance-management",
            "api_type": "http",
            "contact": [],
            "description": "",
            "display_name": "Frontend",
            "id": "/subscriptions/cd4a6e36-3f35-44b9-880f-07572ad1b539/resourceGroups/rg-insurance-management/providers/Microsoft.ApiManagement/service/apim-insurance-management/apis/frontend;rev=1",
            "import": [],
            "is_current": true,
            "is_online": false,
            "license": [],
            "name": "frontend",
            "oauth2_authorization": [],
            "openid_authentication": [],
            "path": "frontend",
            "protocols": [
              "http",
              "https"
            ],
            "resource_group_name": "rg-insurance-management",
            "revision": "1",
            "revision_description": "",
            "service_url": "http://57.156.58.165:3000",
            "source_api_id": null,
            "subscription_key_parameter_names": [
              {
                "header": "Ocp-Apim-Subscription-Key",
                "query": "subscription-key"
              }
            ],
            "subscription_required": false,
            "terms_of_service_url": "",
            "timeouts": null,
            "version": "",
            "version_description": "",
            "version_set_id": ""
          },
          "sensitive_attributes": [],
          "identity_schema_version": 0,
          "private": "eyJlMmJmYjczMC1lY2FhLTExZTYtOGY4OC0zNDM2M2JjN2M0YzAiOnsiY3JlYXRlIjoxODAwMDAwMDAwMDAwLCJkZWxldGUiOjE4MDAwMDAwMDAwMDAsInJlYWQiOjMwMDAwMDAwMDAwMCwidXBkYXRlIjoxODAwMDAwMDAwMDAwfSwic2NoZW1hX3ZlcnNpb24iOiIxIn0=",
          "dependencies": [
            "azurerm_resource_group.main",
            "module.compute.azurerm_public_ip.frontend",
            "module.gateway.azurerm_api_management.gateway"
          ]
        }
      ]
    },
    {
      "module": "module.gateway",
      "mode": "managed",
      "type": "azurerm_api_management_api_operation",
      "name": "backend",
      "provider": "provider[\"registry.terraform.io/hashicorp/azurerm\"]",
      "instances": [
        {
          "schema_version": 0,
          "attributes": {
            "api_management_name": "apim-insurance-management",
            "api_name": "backend",
            "description": "",
            "display_name": "Backend",
            "id": "/subscriptions/cd4a6e36-3f35-44b9-880f-07572ad1b539/resourceGroups/rg-insurance-management/providers/Microsoft.ApiManagement/service/apim-insurance-management/apis/backend/operations/backend",
            "method": "GET",
            "operation_id": "backend",
            "request": [
              {
                "description": "",
                "header": [],
                "query_parameter": [],
                "representation": []
              }
            ],
            "resource_group_name": "rg-insurance-management",
            "response": [],
            "template_parameter": [
              {
                "default_value": "",
                "description": "",
                "example": [],
                "name": "path",
                "required": true,
                "schema_id": "",
                "type": "string",
                "type_name": "",
                "values": []
              }
            ],
            "timeouts": null,
            "url_template": "/{*path}"
          },
          "sensitive_attributes": [],
          "identity_schema_version": 0,
          "private": "eyJlMmJmYjczMC1lY2FhLTExZTYtOGY4OC0zNDM2M2JjN2M0YzAiOnsiY3JlYXRlIjoxODAwMDAwMDAwMDAwLCJkZWxldGUiOjE4MDAwMDAwMDAwMDAsInJlYWQiOjMwMDAwMDAwMDAwMCwidXBkYXRlIjoxODAwMDAwMDAwMDAwfX0=",
          "dependencies": [
            "azurerm_resource_group.main",
            "module.gateway.azurerm_api_management.gateway",
            "module.gateway.azurerm_api_management_api.backend"
          ]
        }
      ]
    },
    {
      "module": "module.gateway",
      "mode": "managed",
      "type": "azurerm_api_management_api_operation",
      "name": "backend_root",
      "provider": "provider[\"registry.terraform.io/hashicorp/azurerm\"]",
      "instances": [
        {
          "schema_version": 0,
          "attributes": {
            "api_management_name": "apim-insurance-management",
            "api_name": "backend",
            "description": "",
            "display_name": "Backend Root",
            "id": "/subscriptions/cd4a6e36-3f35-44b9-880f-07572ad1b539/resourceGroups/rg-insurance-management/providers/Microsoft.ApiManagement/service/apim-insurance-management/apis/backend/operations/backend-root",
            "method": "GET",
            "operation_id": "backend-root",
            "request": [
              {
                "description": "",
                "header": [],
                "query_parameter": [],
                "representation": []
              }
            ],
            "resource_group_name": "rg-insurance-management",
            "response": [],
            "template_parameter": [],
            "timeouts": null,
            "url_template": "/"
          },
          "sensitive_attributes": [],
          "identity_schema_version": 0,
          "private": "eyJlMmJmYjczMC1lY2FhLTExZTYtOGY4OC0zNDM2M2JjN2M0YzAiOnsiY3JlYXRlIjoxODAwMDAwMDAwMDAwLCJkZWxldGUiOjE4MDAwMDAwMDAwMDAsInJlYWQiOjMwMDAwMDAwMDAwMCwidXBkYXRlIjoxODAwMDAwMDAwMDAwfX0=",
          "dependencies": [
            "azurerm_resource_group.main",
            "module.gateway.azurerm_api_management.gateway",
            "module.gateway.azurerm_api_management_api.backend"
          ]
        }
      ]
    },
    {
      "module": "module.gateway",
      "mode": "managed",
      "type": "azurerm_api_management_api_operation",
      "name": "frontend",
      "provider": "provider[\"registry.terraform.io/hashicorp/azurerm\"]",
      "instances": [
        {
          "schema_version": 0,
          "attributes": {
            "api_management_name": "apim-insurance-management",
            "api_name": "frontend",
            "description": "",
            "display_name": "Frontend",
            "id": "/subscriptions/cd4a6e36-3f35-44b9-880f-07572ad1b539/resourceGroups/rg-insurance-management/providers/Microsoft.ApiManagement/service/apim-insurance-management/apis/frontend/operations/frontend",
            "method": "GET",
            "operation_id": "frontend",
            "request": [
              {
                "description": "",
                "header": [],
                "query_parameter": [],
                "representation": []
              }
            ],
            "resource_group_name": "rg-insurance-management",
            "response": [],
            "template_parameter": [
              {
                "default_value": "",
                "description": "",
                "example": [],
                "name": "path",
                "required": true,
                "schema_id": "",
                "type": "string",
                "type_name": "",
                "values": []
              }
            ],
            "timeouts": null,
            "url_template": "/{path}"
          },
          "sensitive_attributes": [],
          "identity_schema_version": 0,
          "private": "eyJlMmJmYjczMC1lY2FhLTExZTYtOGY4OC0zNDM2M2JjN2M0YzAiOnsiY3JlYXRlIjoxODAwMDAwMDAwMDAwLCJkZWxldGUiOjE4MDAwMDAwMDAwMDAsInJlYWQiOjMwMDAwMDAwMDAwMCwidXBkYXRlIjoxODAwMDAwMDAwMDAwfX0=",
          "dependencies": [
            "azurerm_resource_group.main",
            "module.compute.azurerm_public_ip.frontend",
            "module.gateway.azurerm_api_management.gateway",
            "module.gateway.azurerm_api_management_api.frontend"
          ]
        }
      ]
    },
    {
      "module": "module.gateway",
      "mode": "managed",
      "type": "azurerm_api_management_api_operation",
      "name": "frontend_root",
      "provider": "provider[\"registry.terraform.io/hashicorp/azurerm\"]",
      "instances": [
        {
          "schema_version": 0,
          "attributes": {
            "api_management_name": "apim-insurance-management",
            "api_name": "frontend",
            "description": "",
            "display_name": "Frontend Root",
            "id": "/subscriptions/cd4a6e36-3f35-44b9-880f-07572ad1b539/resourceGroups/rg-insurance-management/providers/Microsoft.ApiManagement/service/apim-insurance-management/apis/frontend/operations/frontend-root",
            "method": "GET",
            "operation_id": "frontend-root",
            "request": [
              {
                "description": "",
                "header": [],
                "query_parameter": [],
                "representation": []
              }
            ],
            "resource_group_name": "rg-insurance-management",
            "response": [],
            "template_parameter": [],
            "timeouts": null,
            "url_template": "/"
          },
          "sensitive_attributes": [],
          "identity_schema_version": 0,
          "private": "eyJlMmJmYjczMC1lY2FhLTExZTYtOGY4OC0zNDM2M2JjN2M0YzAiOnsiY3JlYXRlIjoxODAwMDAwMDAwMDAwLCJkZWxldGUiOjE4MDAwMDAwMDAwMDAsInJlYWQiOjMwMDAwMDAwMDAwMCwidXBkYXRlIjoxODAwMDAwMDAwMDAwfX0=",
          "dependencies": [
            "azurerm_resource_group.main",
            "module.compute.azurerm_public_ip.frontend",
            "module.gateway.azurerm_api_management.gateway",
            "module.gateway.azurerm_api_management_api.frontend"
          ]
        }
      ]
    },
    {
      "module": "module.kubernetes",
      "mode": "managed",
      "type": "azurerm_kubernetes_cluster",
      "name": "main",
      "provider": "provider[\"registry.terraform.io/hashicorp/azurerm\"]",
      "instances": [
        {
          "schema_version": 2,
          "attributes": {
            "aci_connector_linux": [],
            "ai_toolchain_operator_enabled": false,
            "api_server_access_profile": [],
            "auto_scaler_profile": [],
            "automatic_upgrade_channel": "",
            "azure_active_directory_role_based_access_control": [],
            "azure_policy_enabled": false,
            "bootstrap_profile": [
              {
                "artifact_source": "Direct",
                "container_registry_id": ""
              }
            ],
            "confidential_computing": [],
            "cost_analysis_enabled": false,
            "current_kubernetes_version": "1.34.8",
            "custom_ca_trust_certificates_base64": [],
            "default_node_pool": [
              {
                "auto_scaling_enabled": false,
                "capacity_reservation_group_id": "",
                "fips_enabled": false,
                "gpu_driver": "",
                "gpu_instance": "",
                "host_encryption_enabled": false,
                "host_group_id": "",
                "kubelet_config": [],
                "kubelet_disk_type": "OS",
                "linux_os_config": [],
                "max_count": 0,
                "max_pods": 110,
                "min_count": 0,
                "name": "system",
                "node_count": 2,
                "node_labels": {},
                "node_network_profile": [],
                "node_public_ip_enabled": false,
                "node_public_ip_prefix_id": "",
                "only_critical_addons_enabled": false,
                "orchestrator_version": "1.34",
                "os_disk_size_gb": 128,
                "os_disk_type": "Managed",
                "os_sku": "Ubuntu",
                "pod_subnet_id": "",
                "proximity_placement_group_id": "",
                "scale_down_mode": "Delete",
                "snapshot_id": "",
                "tags": {},
                "temporary_name_for_rotation": "",
                "type": "VirtualMachineScaleSets",
                "ultra_ssd_enabled": false,
                "upgrade_settings": [
                  {
                    "drain_timeout_in_minutes": 0,
                    "max_surge": "10%",
                    "node_soak_duration_in_minutes": 0,
                    "undrainable_node_behavior": ""
                  }
                ],
                "vm_size": "Standard_D2s_v3",
                "vnet_subnet_id": "",
                "workload_runtime": "",
                "zones": []
              }
            ],
            "disk_encryption_set_id": "",
            "dns_prefix": "insurance-backend",
            "dns_prefix_private_cluster": "",
            "edge_zone": "",
            "fqdn": "insurance-backend-afgk8rh2.hcp.centralus.azmk8s.io",
            "http_application_routing_enabled": false,
            "http_application_routing_zone_name": "",
            "http_proxy_config": [],
            "id": "/subscriptions/cd4a6e36-3f35-44b9-880f-07572ad1b539/resourceGroups/rg-insurance-management/providers/Microsoft.ContainerService/managedClusters/aks-insurance-backend",
            "identity": [
              {
                "identity_ids": [],
                "principal_id": "9bfe47ae-a353-4c2b-8370-8f39b10e3329",
                "tenant_id": "8eeca404-a47d-4555-a2d4-0f3619041c9c",
                "type": "SystemAssigned"
              }
            ],
            "image_cleaner_enabled": null,
            "image_cleaner_interval_hours": null,
            "ingress_application_gateway": [],
            "key_management_service": [],
            "key_vault_secrets_provider": [],
            "kube_admin_config": [],
            "kube_admin_config_raw": "",
            "kube_config": [
              {
                "client_certificate": "LS0tLS1CRUdJTiBDRVJUSUZJQ0FURS0tLS0tCk1JSUZIVENDQXdXZ0F3SUJBZ0lRU0swZHduTGtsc3Z5aGNFL2owQ2RjekFOQmdrcWhraUc5dzBCQVFzRkFEQU4KTVFzd0NRWURWUVFERXdKallUQWVGdzB5TmpBMk1qY3hPRFEyTXpoYUZ3MHlPREEyTWpjeE9EVTJNemhhTURBeApGekFWQmdOVkJBb1REbk41YzNSbGJUcHRZWE4wWlhKek1SVXdFd1lEVlFRREV3eHRZWE4wWlhKamJHbGxiblF3CmdnSWlNQTBHQ1NxR1NJYjNEUUVCQVFVQUE0SUNEd0F3Z2dJS0FvSUNBUURIczBaeCs5RnpTazljYWRiU1BWWWkKTGY0M0loUnRBOUx3cCt0NmdxNFhZUjlvcVBDTjd5aElVRk8vUEpHM1FwakszRGx2MHd2aENKRzdsSWc3WjFSLwp0Slc2OS9DWkJNUUk0bkltSXNrTHJkTGllVDRscUQycVB0aThtY3Y4bk1ORXd1SDlxU2FoaSs5ZTlLVXZxMWlPCjVJbEZ5UDFnbUlLSk5LQkNGTStObXVTdDdUdXdNdkh4bnpZWWZNaVZQR2oyeGt5eG1kUG9JdlJCRkdyWk5NQTYKYThWZFIxTU0zbEZCMUVMZFBkakdXUytKRmlIYm92d1QzV21ZRHNxaDluRFNLdy9nelhmYTc5Ly9zNVR6Tzl4Swp0ZlRTVyt4VlZzRVd6Mm9IdVBQbFliSUE4RU1pRnF2V0tBUzJYL3FDOVR3c2ZCSTJDM0owcjE3WCtJNEo2TnFCCm5mR1pWcmNseTZ1Z0hDQ3l5VDF6ZHVoZU9JMEZ4TkxHWXI2akRoT2VUUFo0aVNDQldMT0pvZUVsbmozeWc0RTUKTXJkNFRHTVFrWi9MSDBBNHYwTGJxS2JhVXZtODZOaGFMd1plVnFmMkk2U2tSSm5QSE9RRmw5dU5PcDRBVzFtZQpFTFFhdG5IYXB4cFpRWTc5ek5IVWVzT3JOblVNNXdwZGVXb2NTNFI3TkFIdlBXZnpoQjFyTzA2cUlsVUdlT3VRCndDMTRpL1hxQnN2OTljTmtMQmNEc0FzSVFzRkRYUmxxc1dRa3FpcVRaWGY2UTlMUSsvQVJ0YXBYSGg2K0RXZHgKVGpUZHJ1RnpaT1cxbHhqN00waVZOMTBXZzhRZk5Bb2UvVnNjRURROGxVZTVuS2dNTFhSTE1IY1NMTkh0bUJubwoyeUZLWjdON005RkdIdkVaTm9XU3V3SURBUUFCbzFZd1ZEQU9CZ05WSFE4QkFmOEVCQU1DQmFBd0V3WURWUjBsCkJBd3dDZ1lJS3dZQkJRVUhBd0l3REFZRFZSMFRBUUgvQkFJd0FEQWZCZ05WSFNNRUdEQVdnQlF3STJ6OHF3YmoKYk5teUMyaStoZXNhUEtZUENqQU5CZ2txaGtpRzl3MEJBUXNGQUFPQ0FnRUFBRENrVGtOZnRZR3U3T2YrVzIwOAo1eFpRbW9NUUtPY0lXK1pNSXc3WWh2N2loZ0x4OENsdEFxUGJiVFZWNTBTODFiM09Jb0JKM3Uzd2Ywa2RHNjBhCmtLT3pyQWN3RVIzTE81cHFBRnpFSldpcGRYL1J0V0dGbU55TFZaUVhDRVlGS1Q4WHdycmNGMnRnbVJVUkNXdWsKZHAyVEdvV1BQRm8yV2wxeVBhQURmc1RZMHpoRTRrWFcvOTBBd1RmTGpGOW9SeXRsY09FemQrbWkzM3hEWUhiaAoxRUhUb080V2xZaGRVeFk2azZWcHdzTm13N2V2cXZtb3BGSnh3WXVCK0ZUOWRyOE84MzZaNUtxRzVWOGk2WnNOCk5NTGJmak9VTWRiWE1rQ3RXZnY3eEhVZm9hZThZdm9WSHE1VVNBbFVjU0RaT3lQSXgybXJWU1NBWG82VnVkWnYKeFVJeldDTGxrSlNIVUo5U1dISytzeXZOVTFRaUtpeVdSdlA4RDlPOGlhb0E1MDdTTEhteU1sKzE2QnM3TWplSQpHMHYwVkxDbGJRZ25tazdvRUMyRW9Pd2pWb3I5cHFsMGZ2VnRiYmVGZDRuMHVFTFhUQUVkTFF6TlF5bVVOU0MvCnV4eUtEK24xMmpHbXBpekdjMnVpR3BBQnN2SEVQTDk5RWxBck1oTmJoTytNbGlncWNZOGVYaDlrcnhmRVpLU0sKdHZndEZrZCtCblNJNCtLT0lpVUFzaERnQnkvR0o3a0dkSmg1K2ZLUFE3RVBjOE9DeENlbGZzc1NxL0g0K1FBdgpLWFZhZlpDbGdxbTBqOUhLU1ptdTBHZ3VVUHBwZjZ3M0M1cTJMaDcrSDlNdWhTNnFGaDJmaHFJa0J3Vk5ISmNvCllJRnVjRzhXdkVFSmlzSW1LLzdpQUFFPQotLS0tLUVORCBDRVJUSUZJQ0FURS0tLS0tCg==",
                "client_key": "LS0tLS1CRUdJTiBSU0EgUFJJVkFURSBLRVktLS0tLQpNSUlKS1FJQkFBS0NBZ0VBeDdOR2NmdlJjMHBQWEduVzBqMVdJaTMrTnlJVWJRUFM4S2ZyZW9LdUYyRWZhS2p3CmplOG9TRkJUdnp5UnQwS1l5dHc1YjlNTDRRaVJ1NVNJTzJkVWY3U1Z1dmZ3bVFURUNPSnlKaUxKQzYzUzRuaysKSmFnOXFqN1l2Sm5ML0p6RFJNTGgvYWttb1l2dlh2U2xMNnRZanVTSlJjajlZSmlDaVRTZ1FoVFBqWnJrcmUwNwpzREx4OFo4MkdIeklsVHhvOXNaTXNablQ2Q0wwUVJScTJUVEFPbXZGWFVkVERONVJRZFJDM1QzWXhsa3ZpUlloCjI2TDhFOTFwbUE3S29mWncwaXNQNE0xMzJ1L2YvN09VOHp2Y1NyWDAwbHZzVlZiQkZzOXFCN2p6NVdHeUFQQkQKSWhhcjFpZ0V0bC82Z3ZVOExId1NOZ3R5ZEs5ZTEvaU9DZWphZ1ozeG1WYTNKY3Vyb0J3Z3NzazljM2JvWGppTgpCY1RTeG1LK293NFRua3oyZUlrZ2dWaXppYUhoSlo0OThvT0JPVEszZUV4akVKR2Z5eDlBT0w5QzI2aW0ybEw1CnZPallXaThHWGxhbjlpT2twRVNaenh6a0JaZmJqVHFlQUZ0Wm5oQzBHclp4MnFjYVdVR08vY3pSMUhyRHF6WjEKRE9jS1hYbHFIRXVFZXpRQjd6MW44NFFkYXp0T3FpSlZCbmpya01BdGVJdjE2Z2JML2ZYRFpDd1hBN0FMQ0VMQgpRMTBaYXJGa0pLb3FrMlYzK2tQUzBQdndFYldxVng0ZXZnMW5jVTQwM2E3aGMyVGx0WmNZK3pOSWxUZGRGb1BFCkh6UUtIdjFiSEJBMFBKVkh1WnlvREMxMFN6QjNFaXpSN1pnWjZOc2hTbWV6ZXpQUlJoN3hHVGFGa3JzQ0F3RUEKQVFLQ0FnQk8wTlVoUUhNNlR0NUNpVzBrL2R0RVV5V3RpZEJJOUVUcEFVVWhUWGs3TmZSSkFNQXNMSE1ZRTBmeQpSb3YyS1owWEYxSzk3U3dYalNQRFJreDhNWHg2aUlHOTBJUlBTRCs4aCs3b1dUdEMxa0JRYk95WHZTNVZSa2VSCkxCd0RuN1U3cXJTNXdleEN2dkZpNXloWXg0WUVvM01BTFdLL0lJSUlkOUkyTW5OMkhtZFpzN01taC96UVVYZHUKczdVUW5VNko4dHFyRDV6QVZpZFRsaVRUaEF2SUl1ZTZ1Rjh4U1g4RmZhcEVHbGczZEZTY0JMV3BNMHJNNWtwNgpIb0JmNnQwOVBZeWZPMGl1Q3BVOEhKclJZdE0vVTFBRVJBNWk0Z0lFS0NsZlVlSkVxa213TUNNMnpYN1ZYMmI0CnVhbXJ6UEVLVjQ5eWNCTWt0V0EzMmR2cFVsTUdPR2xyRXFGbE9HK1h2SnZmTjFTbzF2cUpvYnhaekU5eTVNVHgKaTFKd2QvZWNmb2Y3RU95NGk1UkxKWWZwcjdRN2Z4Wjd6VWdJOGhYeG54clEzaElRWW5JTXc0UGZrcEFWM2VJRQptSHhPN3pTczI0QjJOUHVhYzBGbkZ6elFsbDhXQ3VlRFJGTUVSYVVmVjVjNWVpc01kTWovYkFYc0hPbE01TkNKCjR2bDFCNGtLWHdjY2RkMERNVGxDUUQxa2tSV1pPTVI1WlpTTXp3bXd2akM5cVRveWppU3gzMllhcWpFVkxLd2oKcTdLUzJDOHh2dE96dzI3OC9tUTJJZFZZalVoYSsxZzNZVkZvdjNnNnJ2Nlo4eXNlMlNGdEgrdE1YY00xUlNTUgpyZkJhajNpQUdZbFNrVVNneFVyVXAvZ1BoNWxMV3IzdTZyUldGd2lIZ3JLUmdnZWNyUUtDQVFFQXlVQUdRS0pmCkVQNU1jZ0Rud0orMnMvWDY0c2tmRXNFOGYwdHdiZEU4ZXdYRCt1RnpYOXBZdCtka3NyWDFNNzB3VEhLYnMzOGQKK2NxQk1EVTk0bHRqbVFZam8vVFlQNVZWZlVnRkdkemZSWWc5c3hOY2dQVFJnOE92QTBsYzRMUU1IYzVSMDBpKwpKVFFvMm1MNHluOTRqMXJMK3J1L2xVOGhLMUJjTG0xUmdYVFdTNGFDUHlWK1poQmpldFVBUWJxcDA0a0QzTzl5CkNGb3h3WEJzYThQYnlYeklzOExvQktieHd3YlFmR1NNYzFHdDlTN2JMSWRWc0IxMUJNdVFqU0tsbW5TYjloNy8KZ2xabnY5eUZ5YnhPamM2TXp6OGRRYTRXT24yM21nZFFyWmtQNFdrSkUzMEVoVzNLTkY5dzVoTXExcUhIbHlVUQpRdTNrUjduSjc2TmV6UUtDQVFFQS9nZFF3M3VzOUFZd1FUaVh1QVN1MkM3TTVjSE91a0JOTmVsUnoxaWIwdzdRClBMVUxmNmhNWnFFaFpXK3pBWXc3UTVKUWhiWUJ2cWdZYm9HdkltbjUxd3BTUFY4VHVBSGRZSnh6U3M4VmJXc28KZ1Y2YWxJTmthSjQ3SitXSm50TW5PY3F5Ni9ud2lyR3JQS21ESy9SbHRhNnREYktldGpoWERUSEU4c2ZsR3BzMgpSU0NnbFg1Y1BzSnFjcllOQjdkN3RTcHh6Wkx3SWRBT3FwS29vZFBaTGJyaFZ2d1ViWk5Yd3piRk1YOWF5ekYzCnluOFl1MDRiT2J0cVZlYmh6TVFzQ24vVkp3RGExcVlHNFNWQ2dlM3NVNktZNmZuV2pSbFVwOU9yaDR6Sml3cmQKdGtONjBHQ054c1NEekFwa1JhbDF6Um1KZUNMRUtYWFdmUmhNbW9lbnB3S0NBUUJnQlRrMmU0SktWRnJiQmcyTgpQV2JweEZKWkJFYmNKdkNiZDc0RDE1STR6RTV1bEVUOUZldkFpeG5qbnFlSWNScnJUcjkxVEJCY1R6K0daZERLCkFIcXIxMThINmxtSE5OUWVPMCtid0dPVEJHY1Qyd2dHeTBodnl0emsvNHJkOTJuVWlzMUZ0dTVxUjlHNktRQzEKZFU1cmI1SGxadEVKQjBFM0xsZGRHM0dKQjlyN0hBbG00WmZHVU1sMklNekhqNjFacllUM1ZCT2ZZcEZjenl3YgoyczR4KzJTelNDcDFsY1hDSEswNnZLcTZsdDBlSDZZWlA5VWxlMWlLMmlsMC9YUHdGdlVXNEVGZXlhVWt5SzNZCnpBemE0aE1UQ3ZVRmttOHVweThEd2J1L3FFa0licG9TLzFJNTYyRlB6YjNMT0pmMjRpZWR1T1JpV3FqUmhCYVMKVE90OUFvSUJBUUNFSHYzc2psaW9Hc2ZpUkRMMDdNcWJlY3ZyKzk4dms5NFVtaU9JdWtkaGdLVGh6akFLMTFmVgpVUnp6aXlNSlBReGQycTJ5dmJVdW1uTUtscnltSTRSa1NlUDRNNGtuL1NCTTdWSXhxSDgyaDdOcmhlN1VLM3AvCnh6eHhSYnRNTmZxQzNtQXN4N1JLRHBwSFZNcjZnNFNhK0J6ZHNQZEhRd3BUdkh6NDRPclI2Y1JTTStRUm5NVVIKaDBDaUpQbWw5OUtKcVdmRFNoZEhIdFZoOWlGcSthcE5WSk43RUdUM2tOam1tWWY2ZElpZWdqNFJ2Z1Q0OW1qRwpvQ2x3UUVOVW92dGRBcHUwUzRlR2VKZS9aZ2V2V0RYQVVpTkNIa1Z1NGF2Y0ZnVnkzTkMrVm9wMkQ2YkMxbFVtCituS3FId1dFRGQxTkxXa0lhTnlweTdZaEhoQkpseUNsQW9JQkFRQ0dPdmdZUjJpalpCR0R1SElBSXNDeWt3K0YKeUhsQmFuQytrRkorSkJpUzJieDNOK3FsM3kvcE9DMWtzMTk4R1lSNm1mc3pYWng1SEVTeXVkU3d1V1B1WEtsYQpjVlJuOFNUZzdBVDJnRkVvck5HUTR6ZHUyYW9zeUpIc0lza2k1Y1pSbzBPT0twZ3Q5V2xpT2UrVUpGcWtLWjk0CmlEeXQ2YldOOVlHOFRicGFiL2EwemdFSnExVzk0REdkMWlkQUkrYVJUV3B6Nk5ZOXFwZEk3NEl5alhGb1J4eTQKU2RsYjhtWldYVXFLRWoxMFFybmdOOGdHYmtwdVJYbXdiWGtKVUk2OHpoS1ZKSUVFTk5PbzczeDJuVkRyNFY5MApHTU85ejd0U3VFSDhMVzhzc2QzbkRucVlTN1k4QTdUUUo0Q3hVUTBqTC9nSW1Xam9QbVRBNFFLV3ZTYkMKLS0tLS1FTkQgUlNBIFBSSVZBVEUgS0VZLS0tLS0K",
                "cluster_ca_certificate": "LS0tLS1CRUdJTiBDRVJUSUZJQ0FURS0tLS0tCk1JSUU2RENDQXRDZ0F3SUJBZ0lRWkhKV1ZZTGMrV2pibFV4YjltTVA3VEFOQmdrcWhraUc5dzBCQVFzRkFEQU4KTVFzd0NRWURWUVFERXdKallUQWdGdzB5TmpBMk1qY3hPRFEyTXpoYUdBOHlNRFUyTURZeU56RTROVFl6T0ZvdwpEVEVMTUFrR0ExVUVBeE1DWTJFd2dnSWlNQTBHQ1NxR1NJYjNEUUVCQVFVQUE0SUNEd0F3Z2dJS0FvSUNBUUMyCmp3c214Q2l4UERpMTVtQkVZNHhGaUh4U3hxYUgxOXVrYzdLU0dRaUliS1BJOVhMVURkK1VLL1ZzcVpLUW1DSU4KNVlWR0tWUGdnOFMzZGhSZGE3WjRoV2VaQlFoVVI3UjI0ZXlnNk9XaG0ycU9qOVJSaks0RUwyREFUelBZek1qRgo0cXVOWjFIVXFnNnhuNEVpZnc5L2pFdDVQTTVPbitneWR6TDdRdi9uSmkrL1pFVmlheVVYNFRTT2hHWDY4RzR3CkpuYXdmT09ZYTN2QW1XSGV1ME9vODZqTW9sWlBzQytiUG13UTVkRTI5U0U3RUlES2ZXckF3aCtoUCtpallPZUMKOTlsWTRBMlhDUzZVMUVzSWkwRGRHS0RzaGEydmVpUndxQ2JKc2dRK0tGMCtqakNXU3BrY1JZY2RCS3oxanpUbwpCeDBQeElVM3NjUDZZdEY3eXNXZHZUQ3NHSmM3UXpJTmNQVmJzdTVybGN4S3RrRWtjZGpFUStzVWxtdGEvQzRqCmtoc3dNMDc2SXVjOWNPNlY2NFk0RldxTnZ5cmsxRzF1RlpjMUhya0krQTJXZzE2UVlDZjNhUklQamZ0T0FMWlYKV3F5eHZWOERXNVFraUJudkxrVEx5RnhwM2tuZFZLVzdFZjBBNHErd1ZmaERNM0ZTR28rS2oxWlM4NVlrQytzZgp3clhoNHVPVGFZWlZuNGRxTXJ1MmhOYXJmcWxVNGV6VUhYNTA4NzV6RlpXOG1CU2FzWWdxU3NsaUhnZW9ycGNTCkIrMkdYekxFMUhrT0lFczlBSmljdk5GUHo4azR2VnVYU2xwOC9MNTUva3JDellCUlpGODVNSzlkNElBY2tuaUwKSEhNdDU1R1QxUytDL0JwWVNaQXlwOHE3QnJWcUNpYXBuMW5mSk5pdHd3SURBUUFCbzBJd1FEQU9CZ05WSFE4QgpBZjhFQkFNQ0FxUXdEd1lEVlIwVEFRSC9CQVV3QXdFQi96QWRCZ05WSFE0RUZnUVVNQ05zL0tzRzQyelpzZ3RvCnZvWHJHanltRHdvd0RRWUpLb1pJaHZjTkFRRUxCUUFEZ2dJQkFCNHdnSzMrS2lBeDJMUWZwNHp5elJDZzhGeXMKZEszTjdoRVpyZkZJZXk2alNWL3FCVGNNandXZEFWVFlCa2FZMkZCR0U3VFRRTUJaTW83b24zYk5zS0w1ZEpnTQo5bHQxNHhjOHhTakVoUG9Jb3NQYnBlVXMvRHg0RG8yRUcwV01DS05jL1JwQVl3d0JxeDZDRTM1TjdPYkp3aVNBCkZoQi9lMVZHUFM0OU5vRXIzSFQ5OTVaTk1GSThPc3dLMjVDeDZoeWtleURlOW9vZlhuZENvSlVpMkxUQmVQOHMKUVlxRUVqU1BXUjlnRnNkajd3elFoSzVpTG1iOURSSU9mL25KTVVqWVFIZzNVSkhXR0NZN3BseHFLT1h4ZWUxcworVkEvL2xkbEtGM2JVY2ZxcEsyTk95c0wrSmhPZExyLys3TFNQRGo1bGs5am5oQzhlYXBiV3AvSTVYcHpBaFdtClJIcFNpRjNJQVYweG1QVERzK1dURUFHYk5tVDlhQzQ1UTFlUEpVam9CQmIySEhERjEvZzY0c0o3VTlza3pJQVcKT1hKTXdLWEI5WlpUK0FkTFVOWUg2MG5ZSGRkc2xIRGRuOTBYd3pBTTYzeFY2NXpNWTBrc1BFelRQeXNycWNQMwo1YWJ0M2FIRFErZHBaM084NWR6MkFKQzU5THVpODgvNzc3N29Yc09hc1dmZXArRlNHM1RhOHBwTjdXcTZuSFNrCkJ2Q1pFelVnaXphT3U1bG9iWmhjd1kwTVlWM3o3ZGQrbWl0bzc5TXNPdU9yNzRVSEt1U3R5QXg3Q3pweWtYWHkKcU9McW56enJ1cUMwUTJvRWhEUDc3QUNZNDM1emNRN09oQ2xXOVEraW9SaVFwbWZZZUF3N3hRcGpPQng2MmEvSApjdjJLQ3d2K2NMcXVtN29kCi0tLS0tRU5EIENFUlRJRklDQVRFLS0tLS0K",
                "host": "https://insurance-backend-afgk8rh2.hcp.centralus.azmk8s.io:443",
                "password": "n5z2iofg9mjuqipjcbsw1ltot9xht2bo9g2i7jv8rwk16956ix816ymrp7m99g1r1dvbg844xr20bzvqrbnxitc38r0aauly6h0zx7v7xdu70xgrl9hbr8sx2ekcb5s0",
                "username": "clusterUser_rg-insurance-management_aks-insurance-backend"
              }
            ],
            "kube_config_raw": "apiVersion: v1\nclusters:\n- cluster:\n    certificate-authority-data: LS0tLS1CRUdJTiBDRVJUSUZJQ0FURS0tLS0tCk1JSUU2RENDQXRDZ0F3SUJBZ0lRWkhKV1ZZTGMrV2pibFV4YjltTVA3VEFOQmdrcWhraUc5dzBCQVFzRkFEQU4KTVFzd0NRWURWUVFERXdKallUQWdGdzB5TmpBMk1qY3hPRFEyTXpoYUdBOHlNRFUyTURZeU56RTROVFl6T0ZvdwpEVEVMTUFrR0ExVUVBeE1DWTJFd2dnSWlNQTBHQ1NxR1NJYjNEUUVCQVFVQUE0SUNEd0F3Z2dJS0FvSUNBUUMyCmp3c214Q2l4UERpMTVtQkVZNHhGaUh4U3hxYUgxOXVrYzdLU0dRaUliS1BJOVhMVURkK1VLL1ZzcVpLUW1DSU4KNVlWR0tWUGdnOFMzZGhSZGE3WjRoV2VaQlFoVVI3UjI0ZXlnNk9XaG0ycU9qOVJSaks0RUwyREFUelBZek1qRgo0cXVOWjFIVXFnNnhuNEVpZnc5L2pFdDVQTTVPbitneWR6TDdRdi9uSmkrL1pFVmlheVVYNFRTT2hHWDY4RzR3CkpuYXdmT09ZYTN2QW1XSGV1ME9vODZqTW9sWlBzQytiUG13UTVkRTI5U0U3RUlES2ZXckF3aCtoUCtpallPZUMKOTlsWTRBMlhDUzZVMUVzSWkwRGRHS0RzaGEydmVpUndxQ2JKc2dRK0tGMCtqakNXU3BrY1JZY2RCS3oxanpUbwpCeDBQeElVM3NjUDZZdEY3eXNXZHZUQ3NHSmM3UXpJTmNQVmJzdTVybGN4S3RrRWtjZGpFUStzVWxtdGEvQzRqCmtoc3dNMDc2SXVjOWNPNlY2NFk0RldxTnZ5cmsxRzF1RlpjMUhya0krQTJXZzE2UVlDZjNhUklQamZ0T0FMWlYKV3F5eHZWOERXNVFraUJudkxrVEx5RnhwM2tuZFZLVzdFZjBBNHErd1ZmaERNM0ZTR28rS2oxWlM4NVlrQytzZgp3clhoNHVPVGFZWlZuNGRxTXJ1MmhOYXJmcWxVNGV6VUhYNTA4NzV6RlpXOG1CU2FzWWdxU3NsaUhnZW9ycGNTCkIrMkdYekxFMUhrT0lFczlBSmljdk5GUHo4azR2VnVYU2xwOC9MNTUva3JDellCUlpGODVNSzlkNElBY2tuaUwKSEhNdDU1R1QxUytDL0JwWVNaQXlwOHE3QnJWcUNpYXBuMW5mSk5pdHd3SURBUUFCbzBJd1FEQU9CZ05WSFE4QgpBZjhFQkFNQ0FxUXdEd1lEVlIwVEFRSC9CQVV3QXdFQi96QWRCZ05WSFE0RUZnUVVNQ05zL0tzRzQyelpzZ3RvCnZvWHJHanltRHdvd0RRWUpLb1pJaHZjTkFRRUxCUUFEZ2dJQkFCNHdnSzMrS2lBeDJMUWZwNHp5elJDZzhGeXMKZEszTjdoRVpyZkZJZXk2alNWL3FCVGNNandXZEFWVFlCa2FZMkZCR0U3VFRRTUJaTW83b24zYk5zS0w1ZEpnTQo5bHQxNHhjOHhTakVoUG9Jb3NQYnBlVXMvRHg0RG8yRUcwV01DS05jL1JwQVl3d0JxeDZDRTM1TjdPYkp3aVNBCkZoQi9lMVZHUFM0OU5vRXIzSFQ5OTVaTk1GSThPc3dLMjVDeDZoeWtleURlOW9vZlhuZENvSlVpMkxUQmVQOHMKUVlxRUVqU1BXUjlnRnNkajd3elFoSzVpTG1iOURSSU9mL25KTVVqWVFIZzNVSkhXR0NZN3BseHFLT1h4ZWUxcworVkEvL2xkbEtGM2JVY2ZxcEsyTk95c0wrSmhPZExyLys3TFNQRGo1bGs5am5oQzhlYXBiV3AvSTVYcHpBaFdtClJIcFNpRjNJQVYweG1QVERzK1dURUFHYk5tVDlhQzQ1UTFlUEpVam9CQmIySEhERjEvZzY0c0o3VTlza3pJQVcKT1hKTXdLWEI5WlpUK0FkTFVOWUg2MG5ZSGRkc2xIRGRuOTBYd3pBTTYzeFY2NXpNWTBrc1BFelRQeXNycWNQMwo1YWJ0M2FIRFErZHBaM084NWR6MkFKQzU5THVpODgvNzc3N29Yc09hc1dmZXArRlNHM1RhOHBwTjdXcTZuSFNrCkJ2Q1pFelVnaXphT3U1bG9iWmhjd1kwTVlWM3o3ZGQrbWl0bzc5TXNPdU9yNzRVSEt1U3R5QXg3Q3pweWtYWHkKcU9McW56enJ1cUMwUTJvRWhEUDc3QUNZNDM1emNRN09oQ2xXOVEraW9SaVFwbWZZZUF3N3hRcGpPQng2MmEvSApjdjJLQ3d2K2NMcXVtN29kCi0tLS0tRU5EIENFUlRJRklDQVRFLS0tLS0K\n    server: https://insurance-backend-afgk8rh2.hcp.centralus.azmk8s.io:443\n  name: aks-insurance-backend\ncontexts:\n- context:\n    cluster: aks-insurance-backend\n    user: clusterUser_rg-insurance-management_aks-insurance-backend\n  name: aks-insurance-backend\ncurrent-context: aks-insurance-backend\nkind: Config\nusers:\n- name: clusterUser_rg-insurance-management_aks-insurance-backend\n  user:\n    client-certificate-data: LS0tLS1CRUdJTiBDRVJUSUZJQ0FURS0tLS0tCk1JSUZIVENDQXdXZ0F3SUJBZ0lRU0swZHduTGtsc3Z5aGNFL2owQ2RjekFOQmdrcWhraUc5dzBCQVFzRkFEQU4KTVFzd0NRWURWUVFERXdKallUQWVGdzB5TmpBMk1qY3hPRFEyTXpoYUZ3MHlPREEyTWpjeE9EVTJNemhhTURBeApGekFWQmdOVkJBb1REbk41YzNSbGJUcHRZWE4wWlhKek1SVXdFd1lEVlFRREV3eHRZWE4wWlhKamJHbGxiblF3CmdnSWlNQTBHQ1NxR1NJYjNEUUVCQVFVQUE0SUNEd0F3Z2dJS0FvSUNBUURIczBaeCs5RnpTazljYWRiU1BWWWkKTGY0M0loUnRBOUx3cCt0NmdxNFhZUjlvcVBDTjd5aElVRk8vUEpHM1FwakszRGx2MHd2aENKRzdsSWc3WjFSLwp0Slc2OS9DWkJNUUk0bkltSXNrTHJkTGllVDRscUQycVB0aThtY3Y4bk1ORXd1SDlxU2FoaSs5ZTlLVXZxMWlPCjVJbEZ5UDFnbUlLSk5LQkNGTStObXVTdDdUdXdNdkh4bnpZWWZNaVZQR2oyeGt5eG1kUG9JdlJCRkdyWk5NQTYKYThWZFIxTU0zbEZCMUVMZFBkakdXUytKRmlIYm92d1QzV21ZRHNxaDluRFNLdy9nelhmYTc5Ly9zNVR6Tzl4Swp0ZlRTVyt4VlZzRVd6Mm9IdVBQbFliSUE4RU1pRnF2V0tBUzJYL3FDOVR3c2ZCSTJDM0owcjE3WCtJNEo2TnFCCm5mR1pWcmNseTZ1Z0hDQ3l5VDF6ZHVoZU9JMEZ4TkxHWXI2akRoT2VUUFo0aVNDQldMT0pvZUVsbmozeWc0RTUKTXJkNFRHTVFrWi9MSDBBNHYwTGJxS2JhVXZtODZOaGFMd1plVnFmMkk2U2tSSm5QSE9RRmw5dU5PcDRBVzFtZQpFTFFhdG5IYXB4cFpRWTc5ek5IVWVzT3JOblVNNXdwZGVXb2NTNFI3TkFIdlBXZnpoQjFyTzA2cUlsVUdlT3VRCndDMTRpL1hxQnN2OTljTmtMQmNEc0FzSVFzRkRYUmxxc1dRa3FpcVRaWGY2UTlMUSsvQVJ0YXBYSGg2K0RXZHgKVGpUZHJ1RnpaT1cxbHhqN00waVZOMTBXZzhRZk5Bb2UvVnNjRURROGxVZTVuS2dNTFhSTE1IY1NMTkh0bUJubwoyeUZLWjdON005RkdIdkVaTm9XU3V3SURBUUFCbzFZd1ZEQU9CZ05WSFE4QkFmOEVCQU1DQmFBd0V3WURWUjBsCkJBd3dDZ1lJS3dZQkJRVUhBd0l3REFZRFZSMFRBUUgvQkFJd0FEQWZCZ05WSFNNRUdEQVdnQlF3STJ6OHF3YmoKYk5teUMyaStoZXNhUEtZUENqQU5CZ2txaGtpRzl3MEJBUXNGQUFPQ0FnRUFBRENrVGtOZnRZR3U3T2YrVzIwOAo1eFpRbW9NUUtPY0lXK1pNSXc3WWh2N2loZ0x4OENsdEFxUGJiVFZWNTBTODFiM09Jb0JKM3Uzd2Ywa2RHNjBhCmtLT3pyQWN3RVIzTE81cHFBRnpFSldpcGRYL1J0V0dGbU55TFZaUVhDRVlGS1Q4WHdycmNGMnRnbVJVUkNXdWsKZHAyVEdvV1BQRm8yV2wxeVBhQURmc1RZMHpoRTRrWFcvOTBBd1RmTGpGOW9SeXRsY09FemQrbWkzM3hEWUhiaAoxRUhUb080V2xZaGRVeFk2azZWcHdzTm13N2V2cXZtb3BGSnh3WXVCK0ZUOWRyOE84MzZaNUtxRzVWOGk2WnNOCk5NTGJmak9VTWRiWE1rQ3RXZnY3eEhVZm9hZThZdm9WSHE1VVNBbFVjU0RaT3lQSXgybXJWU1NBWG82VnVkWnYKeFVJeldDTGxrSlNIVUo5U1dISytzeXZOVTFRaUtpeVdSdlA4RDlPOGlhb0E1MDdTTEhteU1sKzE2QnM3TWplSQpHMHYwVkxDbGJRZ25tazdvRUMyRW9Pd2pWb3I5cHFsMGZ2VnRiYmVGZDRuMHVFTFhUQUVkTFF6TlF5bVVOU0MvCnV4eUtEK24xMmpHbXBpekdjMnVpR3BBQnN2SEVQTDk5RWxBck1oTmJoTytNbGlncWNZOGVYaDlrcnhmRVpLU0sKdHZndEZrZCtCblNJNCtLT0lpVUFzaERnQnkvR0o3a0dkSmg1K2ZLUFE3RVBjOE9DeENlbGZzc1NxL0g0K1FBdgpLWFZhZlpDbGdxbTBqOUhLU1ptdTBHZ3VVUHBwZjZ3M0M1cTJMaDcrSDlNdWhTNnFGaDJmaHFJa0J3Vk5ISmNvCllJRnVjRzhXdkVFSmlzSW1LLzdpQUFFPQotLS0tLUVORCBDRVJUSUZJQ0FURS0tLS0tCg==\n    client-key-data: LS0tLS1CRUdJTiBSU0EgUFJJVkFURSBLRVktLS0tLQpNSUlKS1FJQkFBS0NBZ0VBeDdOR2NmdlJjMHBQWEduVzBqMVdJaTMrTnlJVWJRUFM4S2ZyZW9LdUYyRWZhS2p3CmplOG9TRkJUdnp5UnQwS1l5dHc1YjlNTDRRaVJ1NVNJTzJkVWY3U1Z1dmZ3bVFURUNPSnlKaUxKQzYzUzRuaysKSmFnOXFqN1l2Sm5ML0p6RFJNTGgvYWttb1l2dlh2U2xMNnRZanVTSlJjajlZSmlDaVRTZ1FoVFBqWnJrcmUwNwpzREx4OFo4MkdIeklsVHhvOXNaTXNablQ2Q0wwUVJScTJUVEFPbXZGWFVkVERONVJRZFJDM1QzWXhsa3ZpUlloCjI2TDhFOTFwbUE3S29mWncwaXNQNE0xMzJ1L2YvN09VOHp2Y1NyWDAwbHZzVlZiQkZzOXFCN2p6NVdHeUFQQkQKSWhhcjFpZ0V0bC82Z3ZVOExId1NOZ3R5ZEs5ZTEvaU9DZWphZ1ozeG1WYTNKY3Vyb0J3Z3NzazljM2JvWGppTgpCY1RTeG1LK293NFRua3oyZUlrZ2dWaXppYUhoSlo0OThvT0JPVEszZUV4akVKR2Z5eDlBT0w5QzI2aW0ybEw1CnZPallXaThHWGxhbjlpT2twRVNaenh6a0JaZmJqVHFlQUZ0Wm5oQzBHclp4MnFjYVdVR08vY3pSMUhyRHF6WjEKRE9jS1hYbHFIRXVFZXpRQjd6MW44NFFkYXp0T3FpSlZCbmpya01BdGVJdjE2Z2JML2ZYRFpDd1hBN0FMQ0VMQgpRMTBaYXJGa0pLb3FrMlYzK2tQUzBQdndFYldxVng0ZXZnMW5jVTQwM2E3aGMyVGx0WmNZK3pOSWxUZGRGb1BFCkh6UUtIdjFiSEJBMFBKVkh1WnlvREMxMFN6QjNFaXpSN1pnWjZOc2hTbWV6ZXpQUlJoN3hHVGFGa3JzQ0F3RUEKQVFLQ0FnQk8wTlVoUUhNNlR0NUNpVzBrL2R0RVV5V3RpZEJJOUVUcEFVVWhUWGs3TmZSSkFNQXNMSE1ZRTBmeQpSb3YyS1owWEYxSzk3U3dYalNQRFJreDhNWHg2aUlHOTBJUlBTRCs4aCs3b1dUdEMxa0JRYk95WHZTNVZSa2VSCkxCd0RuN1U3cXJTNXdleEN2dkZpNXloWXg0WUVvM01BTFdLL0lJSUlkOUkyTW5OMkhtZFpzN01taC96UVVYZHUKczdVUW5VNko4dHFyRDV6QVZpZFRsaVRUaEF2SUl1ZTZ1Rjh4U1g4RmZhcEVHbGczZEZTY0JMV3BNMHJNNWtwNgpIb0JmNnQwOVBZeWZPMGl1Q3BVOEhKclJZdE0vVTFBRVJBNWk0Z0lFS0NsZlVlSkVxa213TUNNMnpYN1ZYMmI0CnVhbXJ6UEVLVjQ5eWNCTWt0V0EzMmR2cFVsTUdPR2xyRXFGbE9HK1h2SnZmTjFTbzF2cUpvYnhaekU5eTVNVHgKaTFKd2QvZWNmb2Y3RU95NGk1UkxKWWZwcjdRN2Z4Wjd6VWdJOGhYeG54clEzaElRWW5JTXc0UGZrcEFWM2VJRQptSHhPN3pTczI0QjJOUHVhYzBGbkZ6elFsbDhXQ3VlRFJGTUVSYVVmVjVjNWVpc01kTWovYkFYc0hPbE01TkNKCjR2bDFCNGtLWHdjY2RkMERNVGxDUUQxa2tSV1pPTVI1WlpTTXp3bXd2akM5cVRveWppU3gzMllhcWpFVkxLd2oKcTdLUzJDOHh2dE96dzI3OC9tUTJJZFZZalVoYSsxZzNZVkZvdjNnNnJ2Nlo4eXNlMlNGdEgrdE1YY00xUlNTUgpyZkJhajNpQUdZbFNrVVNneFVyVXAvZ1BoNWxMV3IzdTZyUldGd2lIZ3JLUmdnZWNyUUtDQVFFQXlVQUdRS0pmCkVQNU1jZ0Rud0orMnMvWDY0c2tmRXNFOGYwdHdiZEU4ZXdYRCt1RnpYOXBZdCtka3NyWDFNNzB3VEhLYnMzOGQKK2NxQk1EVTk0bHRqbVFZam8vVFlQNVZWZlVnRkdkemZSWWc5c3hOY2dQVFJnOE92QTBsYzRMUU1IYzVSMDBpKwpKVFFvMm1MNHluOTRqMXJMK3J1L2xVOGhLMUJjTG0xUmdYVFdTNGFDUHlWK1poQmpldFVBUWJxcDA0a0QzTzl5CkNGb3h3WEJzYThQYnlYeklzOExvQktieHd3YlFmR1NNYzFHdDlTN2JMSWRWc0IxMUJNdVFqU0tsbW5TYjloNy8KZ2xabnY5eUZ5YnhPamM2TXp6OGRRYTRXT24yM21nZFFyWmtQNFdrSkUzMEVoVzNLTkY5dzVoTXExcUhIbHlVUQpRdTNrUjduSjc2TmV6UUtDQVFFQS9nZFF3M3VzOUFZd1FUaVh1QVN1MkM3TTVjSE91a0JOTmVsUnoxaWIwdzdRClBMVUxmNmhNWnFFaFpXK3pBWXc3UTVKUWhiWUJ2cWdZYm9HdkltbjUxd3BTUFY4VHVBSGRZSnh6U3M4VmJXc28KZ1Y2YWxJTmthSjQ3SitXSm50TW5PY3F5Ni9ud2lyR3JQS21ESy9SbHRhNnREYktldGpoWERUSEU4c2ZsR3BzMgpSU0NnbFg1Y1BzSnFjcllOQjdkN3RTcHh6Wkx3SWRBT3FwS29vZFBaTGJyaFZ2d1ViWk5Yd3piRk1YOWF5ekYzCnluOFl1MDRiT2J0cVZlYmh6TVFzQ24vVkp3RGExcVlHNFNWQ2dlM3NVNktZNmZuV2pSbFVwOU9yaDR6Sml3cmQKdGtONjBHQ054c1NEekFwa1JhbDF6Um1KZUNMRUtYWFdmUmhNbW9lbnB3S0NBUUJnQlRrMmU0SktWRnJiQmcyTgpQV2JweEZKWkJFYmNKdkNiZDc0RDE1STR6RTV1bEVUOUZldkFpeG5qbnFlSWNScnJUcjkxVEJCY1R6K0daZERLCkFIcXIxMThINmxtSE5OUWVPMCtid0dPVEJHY1Qyd2dHeTBodnl0emsvNHJkOTJuVWlzMUZ0dTVxUjlHNktRQzEKZFU1cmI1SGxadEVKQjBFM0xsZGRHM0dKQjlyN0hBbG00WmZHVU1sMklNekhqNjFacllUM1ZCT2ZZcEZjenl3YgoyczR4KzJTelNDcDFsY1hDSEswNnZLcTZsdDBlSDZZWlA5VWxlMWlLMmlsMC9YUHdGdlVXNEVGZXlhVWt5SzNZCnpBemE0aE1UQ3ZVRmttOHVweThEd2J1L3FFa0licG9TLzFJNTYyRlB6YjNMT0pmMjRpZWR1T1JpV3FqUmhCYVMKVE90OUFvSUJBUUNFSHYzc2psaW9Hc2ZpUkRMMDdNcWJlY3ZyKzk4dms5NFVtaU9JdWtkaGdLVGh6akFLMTFmVgpVUnp6aXlNSlBReGQycTJ5dmJVdW1uTUtscnltSTRSa1NlUDRNNGtuL1NCTTdWSXhxSDgyaDdOcmhlN1VLM3AvCnh6eHhSYnRNTmZxQzNtQXN4N1JLRHBwSFZNcjZnNFNhK0J6ZHNQZEhRd3BUdkh6NDRPclI2Y1JTTStRUm5NVVIKaDBDaUpQbWw5OUtKcVdmRFNoZEhIdFZoOWlGcSthcE5WSk43RUdUM2tOam1tWWY2ZElpZWdqNFJ2Z1Q0OW1qRwpvQ2x3UUVOVW92dGRBcHUwUzRlR2VKZS9aZ2V2V0RYQVVpTkNIa1Z1NGF2Y0ZnVnkzTkMrVm9wMkQ2YkMxbFVtCituS3FId1dFRGQxTkxXa0lhTnlweTdZaEhoQkpseUNsQW9JQkFRQ0dPdmdZUjJpalpCR0R1SElBSXNDeWt3K0YKeUhsQmFuQytrRkorSkJpUzJieDNOK3FsM3kvcE9DMWtzMTk4R1lSNm1mc3pYWng1SEVTeXVkU3d1V1B1WEtsYQpjVlJuOFNUZzdBVDJnRkVvck5HUTR6ZHUyYW9zeUpIc0lza2k1Y1pSbzBPT0twZ3Q5V2xpT2UrVUpGcWtLWjk0CmlEeXQ2YldOOVlHOFRicGFiL2EwemdFSnExVzk0REdkMWlkQUkrYVJUV3B6Nk5ZOXFwZEk3NEl5alhGb1J4eTQKU2RsYjhtWldYVXFLRWoxMFFybmdOOGdHYmtwdVJYbXdiWGtKVUk2OHpoS1ZKSUVFTk5PbzczeDJuVkRyNFY5MApHTU85ejd0U3VFSDhMVzhzc2QzbkRucVlTN1k4QTdUUUo0Q3hVUTBqTC9nSW1Xam9QbVRBNFFLV3ZTYkMKLS0tLS1FTkQgUlNBIFBSSVZBVEUgS0VZLS0tLS0K\n    token: n5z2iofg9mjuqipjcbsw1ltot9xht2bo9g2i7jv8rwk16956ix816ymrp7m99g1r1dvbg844xr20bzvqrbnxitc38r0aauly6h0zx7v7xdu70xgrl9hbr8sx2ekcb5s0\n",
            "kubelet_identity": [
              {
                "client_id": "52afddb1-89b1-4b90-babd-602bda08c9dd",
                "object_id": "3490c80d-0c45-4f86-a491-098adaf6e223",
                "user_assigned_identity_id": "/subscriptions/cd4a6e36-3f35-44b9-880f-07572ad1b539/resourceGroups/MC_rg-insurance-management_aks-insurance-backend_centralus/providers/Microsoft.ManagedIdentity/userAssignedIdentities/aks-insurance-backend-agentpool"
              }
            ],
            "kubernetes_version": "1.34",
            "linux_profile": [],
            "local_account_disabled": false,
            "location": "centralus",
            "maintenance_window": [],
            "maintenance_window_auto_upgrade": [],
            "maintenance_window_node_os": [],
            "microsoft_defender": [],
            "monitor_metrics": [],
            "name": "aks-insurance-backend",
            "network_profile": [
              {
                "advanced_networking": [],
                "dns_service_ip": "10.0.0.10",
                "ip_versions": [
                  "IPv4"
                ],
                "load_balancer_profile": [
                  {
                    "backend_pool_type": "NodeIPConfiguration",
                    "effective_outbound_ips": [
                      "/subscriptions/cd4a6e36-3f35-44b9-880f-07572ad1b539/resourceGroups/MC_rg-insurance-management_aks-insurance-backend_centralus/providers/Microsoft.Network/publicIPAddresses/83920a60-bfb3-4c6c-8b2a-650eaaa7bf35"
                    ],
                    "idle_timeout_in_minutes": 0,
                    "managed_outbound_ip_count": 1,
                    "managed_outbound_ipv6_count": 0,
                    "outbound_ip_address_ids": [],
                    "outbound_ip_prefix_ids": [],
                    "outbound_ports_allocated": 0
                  }
                ],
                "load_balancer_sku": "standard",
                "nat_gateway_profile": [],
                "network_data_plane": "azure",
                "network_mode": "",
                "network_plugin": "kubenet",
                "network_plugin_mode": "",
                "network_policy": "",
                "outbound_type": "loadBalancer",
                "pod_cidr": "10.244.0.0/16",
                "pod_cidrs": [
                  "10.244.0.0/16"
                ],
                "service_cidr": "10.0.0.0/16",
                "service_cidrs": [
                  "10.0.0.0/16"
                ]
              }
            ],
            "node_os_upgrade_channel": "NodeImage",
            "node_provisioning_profile": [
              {
                "default_node_pools": "Auto",
                "mode": "Manual"
              }
            ],
            "node_resource_group": "MC_rg-insurance-management_aks-insurance-backend_centralus",
            "node_resource_group_id": "/subscriptions/cd4a6e36-3f35-44b9-880f-07572ad1b539/resourceGroups/MC_rg-insurance-management_aks-insurance-backend_centralus",
            "oidc_issuer_enabled": true,
            "oidc_issuer_url": "https://centralus.oic.prod-aks.azure.com/8eeca404-a47d-4555-a2d4-0f3619041c9c/e50fb60e-ecf2-4043-a432-b3bbe152deda/",
            "oms_agent": [],
            "open_service_mesh_enabled": false,
            "portal_fqdn": "insurance-backend-afgk8rh2.portal.hcp.centralus.azmk8s.io",
            "private_cluster_enabled": false,
            "private_cluster_public_fqdn_enabled": false,
            "private_dns_zone_id": "",
            "private_fqdn": "",
            "resource_group_name": "rg-insurance-management",
            "role_based_access_control_enabled": true,
            "run_command_enabled": true,
            "service_mesh_profile": [],
            "service_principal": [],
            "sku_tier": "Free",
            "storage_profile": [],
            "support_plan": "KubernetesOfficial",
            "tags": {},
            "timeouts": null,
            "upgrade_override": [],
            "web_app_routing": [],
            "windows_profile": [],
            "workload_autoscaler_profile": [],
            "workload_identity_enabled": false
          },
          "sensitive_attributes": [
            [
              {
                "type": "get_attr",
                "value": "kube_admin_config"
              }
            ],
            [
              {
                "type": "get_attr",
                "value": "kube_admin_config_raw"
              }
            ],
            [
              {
                "type": "get_attr",
                "value": "kube_config"
              }
            ],
            [
              {
                "type": "get_attr",
                "value": "kube_config_raw"
              }
            ]
          ],
          "identity_schema_version": 0,
          "private": "eyJlMmJmYjczMC1lY2FhLTExZTYtOGY4OC0zNDM2M2JjN2M0YzAiOnsiY3JlYXRlIjo1NDAwMDAwMDAwMDAwLCJkZWxldGUiOjU0MDAwMDAwMDAwMDAsInJlYWQiOjMwMDAwMDAwMDAwMCwidXBkYXRlIjo1NDAwMDAwMDAwMDAwfSwic2NoZW1hX3ZlcnNpb24iOiIyIn0=",
          "dependencies": [
            "azurerm_resource_group.main"
          ]
        }
      ]
    }
  ],
  "check_results": null
}
